Microsoft Visual Studio Solution File, Format Version 12.00
# Visual Studio Version 17
VisualStudioVersion = 17.5.2.0
MinimumVisualStudioVersion = 10.0.40219.1
Project("{FAE04EC0-301F-11D3-BF4B-00C04F79EFBC}") = "OOP-Repository", "OOP-Repository.csproj", "{AE7CA10D-FDB4-DAAB-A8F8-64707D5C9F88}"
EndProject
Global
	GlobalSection(SolutionConfigurationPlatforms) = preSolution
		Debug|Any CPU = Debug|Any CPU
		Release|Any CPU = Release|Any CPU
	EndGlobalSection
	GlobalSection(ProjectConfigurationPlatforms) = postSolution
		{AE7CA10D-FDB4-DAAB-A8F8-64707D5C9F88}.Debug|Any CPU.ActiveCfg = Debug|Any CPU
		{AE7CA10D-FDB4-DAAB-A8F8-64707D5C9F88}.Debug|Any CPU.Build.0 = Debug|Any CPU
		{AE7CA10D-FDB4-DAAB-A8F8-64707D5C9F88}.Release|Any CPU.ActiveCfg = Release|Any CPU
		{AE7CA10D-FDB4-DAAB-A8F8-64707D5C9F88}.Release|Any CPU.Build.0 = Release|Any CPU
	EndGlobalSection
	GlobalSection(SolutionProperties) = preSolution
		HideSolutionNode = FALSE
	EndGlobalSection
	GlobalSection(ExtensibilityGlobals) = postSolution
		SolutionGuid = {8C96166B-9045-48C4-9BB3-3A569B0D5A77}
	EndGlobalSection
EndGlobal
